{
  "name": "@0m0g1/goe-core",
  "version": "0.1.5",
  "lockfileVersion": 3,
  "requires": true,
  "packages": {
    "": {
      "name": "@0m0g1/goe-core",
      "version": "0.1.5",
      "license": "ISC",
      "dependencies": {
        "yaphe-engine": "^1.0.7"
      }
    },
    "node_modules/yaphe-engine": {
      "version": "1.0.7",
      "resolved": "https://registry.npmjs.org/yaphe-engine/-/yaphe-engine-1.0.7.tgz",
      "integrity": "sha512-Y6wdp2wISUOxeJxXXY8S0GKb2nOI/qVz5SMAFUxC4mdGPtJpwEfP7SPiLdDU6H7+1+bBigpkPgbw0s64Jff/vQ=="
    }
  }
}
