{
  "name": "@0m0g1/goe-core",
  "version": "0.1.0",
  "lockfileVersion": 3,
  "requires": true,
  "packages": {
    "": {
      "name": "@0m0g1/goe-core",
      "version": "0.1.0",
      "license": "ISC",
      "dependencies": {
        "yaphe-engine": "^1.0.5"
      }
    },
    "node_modules/yaphe-engine": {
      "version": "1.0.5",
      "resolved": "https://registry.npmjs.org/yaphe-engine/-/yaphe-engine-1.0.5.tgz",
      "integrity": "sha512-G6eKUOM1MDWEAdCnACQTEyTPSK4lN1LyZGJ0rH+ymMmuKj0AdXxSXNIrwj+l65W+Bk8I16x+IYu+WVc4JdoxWQ=="
    }
  }
}
