{
  "name": "@0m0g1/goe-core",
  "version": "0.1.4",
  "lockfileVersion": 3,
  "requires": true,
  "packages": {
    "": {
      "name": "@0m0g1/goe-core",
      "version": "0.1.4",
      "license": "ISC",
      "dependencies": {
        "yaphe-engine": "^1.0.6"
      }
    },
    "node_modules/yaphe-engine": {
      "version": "1.0.6",
      "resolved": "https://registry.npmjs.org/yaphe-engine/-/yaphe-engine-1.0.6.tgz",
      "integrity": "sha512-qBHJyGQgidkRJzgX9VxUVe3ThO04jFNpih5raeOCvnn+LArZey/4nxp6+oL63aYrnxfP1XJ2K1rYeZYMPLf3gw=="
    }
  }
}
